
Microsoft Visual Studio Solution File, Format Version 12.00
# Visual Studio 15
VisualStudioVersion = 15.0.28307.2092
MinimumVisualStudioVersion = 10.0.40219.1
Project("{FAE04EC0-301F-11D3-BF4B-00C04F79EFBC}") = "GridBuilder", "GridBuilder\GridBuilder.csproj", "{919D2160-91B9-4259-A9D8-6B092E832203}"
EndProject
Global
	GlobalSection(SolutionConfigurationPlatforms) = preSolution
		Debug|Any CPU = Debug|Any CPU
		Release|Any CPU = Release|Any CPU
	EndGlobalSection
	GlobalSection(ProjectConfigurationPlatforms) = postSolution
		{919D2160-91B9-4259-A9D8-6B092E832203}.Debug|Any CPU.ActiveCfg = Debug|Any CPU
		{919D2160-91B9-4259-A9D8-6B092E832203}.Debug|Any CPU.Build.0 = Debug|Any CPU
		{919D2160-91B9-4259-A9D8-6B092E832203}.Release|Any CPU.ActiveCfg = Release|Any CPU
		{919D2160-91B9-4259-A9D8-6B092E832203}.Release|Any CPU.Build.0 = Release|Any CPU
	EndGlobalSection
	GlobalSection(SolutionProperties) = preSolution
		HideSolutionNode = FALSE
	EndGlobalSection
	GlobalSection(ExtensibilityGlobals) = postSolution
		SolutionGuid = {719A26D8-3093-4D7E-A7F2-28C4DA91D0EA}
	EndGlobalSection
EndGlobal
